
Microsoft Visual Studio Solution File, Format Version 12.00
# Visual Studio Version 16
VisualStudioVersion = 16.0.32228.343
MinimumVisualStudioVersion = 10.0.40219.1
Project("{FAE04EC0-301F-11D3-BF4B-00C04F79EFBC}") = "Core-Crud-Mvc", "Core-Crud-Mvc\Core-Crud-Mvc.csproj", "{5ED1CF55-8C7B-40A8-B759-632CAB358294}"
EndProject
Global
	GlobalSection(SolutionConfigurationPlatforms) = preSolution
		Debug|Any CPU = Debug|Any CPU
		Release|Any CPU = Release|Any CPU
	EndGlobalSection
	GlobalSection(ProjectConfigurationPlatforms) = postSolution
		{5ED1CF55-8C7B-40A8-B759-632CAB358294}.Debug|Any CPU.ActiveCfg = Debug|Any CPU
		{5ED1CF55-8C7B-40A8-B759-632CAB358294}.Debug|Any CPU.Build.0 = Debug|Any CPU
		{5ED1CF55-8C7B-40A8-B759-632CAB358294}.Release|Any CPU.ActiveCfg = Release|Any CPU
		{5ED1CF55-8C7B-40A8-B759-632CAB358294}.Release|Any CPU.Build.0 = Release|Any CPU
	EndGlobalSection
	GlobalSection(SolutionProperties) = preSolution
		HideSolutionNode = FALSE
	EndGlobalSection
	GlobalSection(ExtensibilityGlobals) = postSolution
		SolutionGuid = {FB30D910-7362-44B8-9E85-83D65AEEC692}
	EndGlobalSection
EndGlobal
